<?xml version="1.0" encoding="utf-8"?>
<Project ToolsVersion="4.0" xmlns="http://schemas.microsoft.com/developer/msbuild/2003">
  <ItemGroup>
    <Filter Include="Source Files">
      <UniqueIdentifier>{4FC737F1-C7A5-4376-A066-2A32D752A2FF}</UniqueIdentifier>
      <Extensions>cpp;c;cc;cxx;def;odl;idl;hpj;bat;asm;asmx</Extensions>
    </Filter>
    <Filter Include="Header Files">
      <UniqueIdentifier>{93995380-89BD-4b04-88EB-625FBE52EBFB}</UniqueIdentifier>
      <Extensions>h;hh;hpp;hxx;hm;inl;inc;xsd</Extensions>
    </Filter>
    <Filter Include="Resource Files">
      <UniqueIdentifier>{67DA6AB6-F800-4c08-8B7A-83BB121AAD01}</UniqueIdentifier>
      <Extensions>rc;ico;cur;bmp;dlg;rc2;rct;bin;rgs;gif;jpg;jpeg;jpe;resx;tiff;tif;png;wav</Extensions>
    </Filter>
  </ItemGroup>
  <ItemGroup>
    <ClCompile Include="src\main.cc">
      <Filter>Source Files</Filter>
    </ClCompile>
    <ClCompile Include="src\net\IpAddress.cc">
      <Filter>Source Files</Filter>
    </ClCompile>
    <ClCompile Include="src\net\SocketException.cc">
      <Filter>Source Files</Filter>
    </ClCompile>
    <ClCompile Include="src\net\win32\WinSocket.cc">
      <Filter>Source Files</Filter>
    </ClCompile>
    <ClCompile Include="src\net\win32\WinTcpListener.cc">
      <Filter>Source Files</Filter>
    </ClCompile>
    <ClCompile Include="src\net\win32\WinTcpSocket.cc">
      <Filter>Source Files</Filter>
    </ClCompile>
    <ClCompile Include="src\net\win32\WinUdpSocket.cc">
      <Filter>Source Files</Filter>
    </ClCompile>
    <ClCompile Include="src\Client.cc">
      <Filter>Source Files</Filter>
    </ClCompile>
    <ClCompile Include="src\Lobby.cc">
      <Filter>Source Files</Filter>
    </ClCompile>
    <ClCompile Include="src\Server.cc">
      <Filter>Source Files</Filter>
    </ClCompile>
    <ClCompile Include="src\threads\threadException.cc">
      <Filter>Source Files</Filter>
    </ClCompile>
    <ClCompile Include="src\threads\wThread.cc">
      <Filter>Source Files</Filter>
    </ClCompile>
    <ClCompile Include="src\Game.cc">
      <Filter>Source Files</Filter>
    </ClCompile>
  </ItemGroup>
  <ItemGroup>
    <ClInclude Include="src\net\IpAddress.h">
      <Filter>Header Files</Filter>
    </ClInclude>
    <ClInclude Include="src\net\ISocket.h">
      <Filter>Header Files</Filter>
    </ClInclude>
    <ClInclude Include="src\net\ITcpListener.h">
      <Filter>Header Files</Filter>
    </ClInclude>
    <ClInclude Include="src\net\ITcpSocket.h">
      <Filter>Header Files</Filter>
    </ClInclude>
    <ClInclude Include="src\net\IUdpSocket.h">
      <Filter>Header Files</Filter>
    </ClInclude>
    <ClInclude Include="src\net\SocketException.h">
      <Filter>Header Files</Filter>
    </ClInclude>
    <ClInclude Include="src\net\TcpListener.h">
      <Filter>Header Files</Filter>
    </ClInclude>
    <ClInclude Include="src\net\TcpSocket.h">
      <Filter>Header Files</Filter>
    </ClInclude>
    <ClInclude Include="src\net\UdpSocket.h">
      <Filter>Header Files</Filter>
    </ClInclude>
    <ClInclude Include="src\net\win32\WinSocket.h">
      <Filter>Header Files</Filter>
    </ClInclude>
    <ClInclude Include="src\net\win32\WinTcpListener.h">
      <Filter>Header Files</Filter>
    </ClInclude>
    <ClInclude Include="src\net\win32\WinTcpSocket.h">
      <Filter>Header Files</Filter>
    </ClInclude>
    <ClInclude Include="src\net\win32\WinUdpSocket.h">
      <Filter>Header Files</Filter>
    </ClInclude>
    <ClInclude Include="src\Client.h">
      <Filter>Header Files</Filter>
    </ClInclude>
    <ClInclude Include="src\Lobby.h">
      <Filter>Header Files</Filter>
    </ClInclude>
    <ClInclude Include="src\Server.h">
      <Filter>Header Files</Filter>
    </ClInclude>
    <ClInclude Include="..\common\packets\ClientDisconSig.h">
      <Filter>Header Files</Filter>
    </ClInclude>
    <ClInclude Include="..\common\packets\ConnectCmd.h">
      <Filter>Header Files</Filter>
    </ClInclude>
    <ClInclude Include="..\common\packets\CreateLobbyCmd.h">
      <Filter>Header Files</Filter>
    </ClInclude>
    <ClInclude Include="..\common\packets\GameStartedSig.h">
      <Filter>Header Files</Filter>
    </ClInclude>
    <ClInclude Include="..\common\packets\JoinLobbyCmd.h">
      <Filter>Header Files</Filter>
    </ClInclude>
    <ClInclude Include="..\common\packets\JoinLobbyResp.h">
      <Filter>Header Files</Filter>
    </ClInclude>
    <ClInclude Include="..\common\packets\LeaveLobbyCmd.h">
      <Filter>Header Files</Filter>
    </ClInclude>
    <ClInclude Include="..\common\packets\ListLobbiesCmd.h">
      <Filter>Header Files</Filter>
    </ClInclude>
    <ClInclude Include="..\common\packets\ListLobbiesResp.h">
      <Filter>Header Files</Filter>
    </ClInclude>
    <ClInclude Include="..\common\packets\Packet.h">
      <Filter>Header Files</Filter>
    </ClInclude>
    <ClInclude Include="..\common\packets\Packets.h">
      <Filter>Header Files</Filter>
    </ClInclude>
    <ClInclude Include="..\common\packets\ReadyUpdateSig.h">
      <Filter>Header Files</Filter>
    </ClInclude>
    <ClInclude Include="..\common\packets\SetReadyCmd.h">
      <Filter>Header Files</Filter>
    </ClInclude>
    <ClInclude Include="..\common\packets\StatusResp.h">
      <Filter>Header Files</Filter>
    </ClInclude>
    <ClInclude Include="..\common\packets\ClientJoinedLobbySig.h">
      <Filter>Header Files</Filter>
    </ClInclude>
    <ClInclude Include="..\common\packets\ClientLeftLobbySig.h">
      <Filter>Header Files</Filter>
    </ClInclude>
    <ClInclude Include="..\common\packets\ClientPack.h">
      <Filter>Header Files</Filter>
    </ClInclude>
    <ClInclude Include="src\Entity.h">
      <Filter>Header Files</Filter>
    </ClInclude>
    <ClInclude Include="src\Game.h">
      <Filter>Header Files</Filter>
    </ClInclude>
    <ClInclude Include="..\common\packets\ServerPack.h">
      <Filter>Header Files</Filter>
    </ClInclude>
  </ItemGroup>
</Project>